{
  "name": "netest",
  "version": "1.0.0",
  "lockfileVersion": 2,
  "requires": true,
  "packages": {
    "": {
      "name": "netest",
      "version": "1.0.0",
      "license": "ISC",
      "dependencies": {
        "beamio": "file:../BeamIO"
      }
    },
    "../BeamIO": {
      "version": "0.0.0",
      "license": "ISC",
      "devDependencies": {
        "@types/node": "^17.0.18",
        "@typescript-eslint/eslint-plugin": "^5.11.0",
        "@typescript-eslint/parser": "^5.11.0",
        "eslint": "^8.8.0",
        "eslint-config-airbnb-base": "^15.0.0",
        "eslint-plugin-import": "^2.25.4",
        "ts-node": "^10.5.0",
        "typescript": "^4.5.5"
      }
    },
    "node_modules/beamio": {
      "resolved": "../BeamIO",
      "link": true
    }
  },
  "dependencies": {
    "beamio": {
      "version": "file:../BeamIO",
      "requires": {
        "@types/node": "^17.0.18",
        "@typescript-eslint/eslint-plugin": "^5.11.0",
        "@typescript-eslint/parser": "^5.11.0",
        "eslint": "^8.8.0",
        "eslint-config-airbnb-base": "^15.0.0",
        "eslint-plugin-import": "^2.25.4",
        "ts-node": "^10.5.0",
        "typescript": "^4.5.5"
      }
    }
  }
}
