# THIS IS AN AUTOGENERATED FILE. DO NOT EDIT THIS FILE DIRECTLY.
# yarn lockfile v1


beamio@^0.0.0:
  version "0.0.0"
  resolved "https://registry.yarnpkg.com/beamio/-/beamio-0.0.0.tgz#aa3450b690661de85770d65ad1301972eb65ffc0"
  integrity sha512-j8Nm5ixdYAIBY+5DAaDD88YYr39D/imwdiTu9gCG0q0UXhWHHrDnRNxsngLYxejWughYVTaYtA4kiA9m5/mudw==
